// !$*UTF8*$!
{
	archiveVersion = 1;
	classes = {
	};
	objectVersion = 50;
	objects = {

/* Begin PBXBuildFile section */
		3B0CC2ED23FB9C2A009DEB30 /* SignUpViewController.swift in Sources */ = {isa = PBXBuildFile; fileRef = 3B0CC2EA23FB9C2A009DEB30 /* SignUpViewController.swift */; };
		3B0CC2EE23FB9C2A009DEB30 /* HomeViewController.swift in Sources */ = {isa = PBXBuildFile; fileRef = 3B0CC2EB23FB9C2A009DEB30 /* HomeViewController.swift */; };
		3B0CC2EF23FB9C2A009DEB30 /* LoginViewController.swift in Sources */ = {isa = PBXBuildFile; fileRef = 3B0CC2EC23FB9C2A009DEB30 /* LoginViewController.swift */; };
		3B0CC2F123FB9C51009DEB30 /* Main.storyboard in Resources */ = {isa = PBXBuildFile; fileRef = 3B0CC2F023FB9C51009DEB30 /* Main.storyboard */; };
		3B0CC2F323FB9C60009DEB30 /* Utilities.swift in Sources */ = {isa = PBXBuildFile; fileRef = 3B0CC2F223FB9C60009DEB30 /* Utilities.swift */; };
		3B10633A23FC2FC400993BCD /* VerifyCodeViewController.swift in Sources */ = {isa = PBXBuildFile; fileRef = 3B10633923FC2FC400993BCD /* VerifyCodeViewController.swift */; };
		3BBABBD823FAFA7C0004A9E0 /* AppDelegate.swift in Sources */ = {isa = PBXBuildFile; fileRef = 3BBABBD723FAFA7C0004A9E0 /* AppDelegate.swift */; };
		3BBABBDF23FAFA7D0004A9E0 /* Assets.xcassets in Resources */ = {isa = PBXBuildFile; fileRef = 3BBABBDE23FAFA7D0004A9E0 /* Assets.xcassets */; };
		3BBABBE223FAFA7D0004A9E0 /* LaunchScreen.storyboard in Resources */ = {isa = PBXBuildFile; fileRef = 3BBABBE023FAFA7D0004A9E0 /* LaunchScreen.storyboard */; };
		BC2F83AED127B150268586FE /* Pods_MeeBus.framework in Frameworks */ = {isa = PBXBuildFile; fileRef = 56C4A3BE70283847981F78E4 /* Pods_MeeBus.framework */; };
/* End PBXBuildFile section */

/* Begin PBXFileReference section */
		3B0CC2EA23FB9C2A009DEB30 /* SignUpViewController.swift */ = {isa = PBXFileReference; fileEncoding = 4; lastKnownFileType = sourcecode.swift; path = SignUpViewController.swift; sourceTree = "<group>"; };
		3B0CC2EB23FB9C2A009DEB30 /* HomeViewController.swift */ = {isa = PBXFileReference; fileEncoding = 4; lastKnownFileType = sourcecode.swift; path = HomeViewController.swift; sourceTree = "<group>"; };
		3B0CC2EC23FB9C2A009DEB30 /* LoginViewController.swift */ = {isa = PBXFileReference; fileEncoding = 4; lastKnownFileType = sourcecode.swift; path = LoginViewController.swift; sourceTree = "<group>"; };
		3B0CC2F023FB9C51009DEB30 /* Main.storyboard */ = {isa = PBXFileReference; fileEncoding = 4; lastKnownFileType = file.storyboard; path = Main.storyboard; sourceTree = "<group>"; };
		3B0CC2F223FB9C60009DEB30 /* Utilities.swift */ = {isa = PBXFileReference; fileEncoding = 4; lastKnownFileType = sourcecode.swift; path = Utilities.swift; sourceTree = "<group>"; };
		3B10633923FC2FC400993BCD /* VerifyCodeViewController.swift */ = {isa = PBXFileReference; lastKnownFileType = sourcecode.swift; path = VerifyCodeViewController.swift; sourceTree = "<group>"; };
		3BBABBD423FAFA7C0004A9E0 /* MeeBus.app */ = {isa = PBXFileReference; explicitFileType = wrapper.application; includeInIndex = 0; path = MeeBus.app; sourceTree = BUILT_PRODUCTS_DIR; };
		3BBABBD723FAFA7C0004A9E0 /* AppDelegate.swift */ = {isa = PBXFileReference; lastKnownFileType = sourcecode.swift; path = AppDelegate.swift; sourceTree = "<group>"; };
		3BBABBDE23FAFA7D0004A9E0 /* Assets.xcassets */ = {isa = PBXFileReference; lastKnownFileType = folder.assetcatalog; path = Assets.xcassets; sourceTree = "<group>"; };
		3BBABBE123FAFA7D0004A9E0 /* Base */ = {isa = PBXFileReference; lastKnownFileType = file.storyboard; name = Base; path = Base.lproj/LaunchScreen.storyboard; sourceTree = "<group>"; };
		3BBABBE323FAFA7D0004A9E0 /* Info.plist */ = {isa = PBXFileReference; lastKnownFileType = text.plist.xml; path = Info.plist; sourceTree = "<group>"; };
		56C4A3BE70283847981F78E4 /* Pods_MeeBus.framework */ = {isa = PBXFileReference; explicitFileType = wrapper.framework; includeInIndex = 0; path = Pods_MeeBus.framework; sourceTree = BUILT_PRODUCTS_DIR; };
		AC6B65DC51915F599F30B664 /* Pods-MeeBus.debug.xcconfig */ = {isa = PBXFileReference; includeInIndex = 1; lastKnownFileType = text.xcconfig; name = "Pods-MeeBus.debug.xcconfig"; path = "Target Support Files/Pods-MeeBus/Pods-MeeBus.debug.xcconfig"; sourceTree = "<group>"; };
		DD81151ECF073E24A2A0977E /* Pods-MeeBus.release.xcconfig */ = {isa = PBXFileReference; includeInIndex = 1; lastKnownFileType = text.xcconfig; name = "Pods-MeeBus.release.xcconfig"; path = "Target Support Files/Pods-MeeBus/Pods-MeeBus.release.xcconfig"; sourceTree = "<group>"; };
/* End PBXFileReference section */

/* Begin PBXFrameworksBuildPhase section */
		3BBABBD123FAFA7C0004A9E0 /* Frameworks */ = {
			isa = PBXFrameworksBuildPhase;
			buildActionMask = 2147483647;
			files = (
				BC2F83AED127B150268586FE /* Pods_MeeBus.framework in Frameworks */,
			);
			runOnlyForDeploymentPostprocessing = 0;
		};
/* End PBXFrameworksBuildPhase section */

/* Begin PBXGroup section */
		3BBABBCB23FAFA7C0004A9E0 = {
			isa = PBXGroup;
			children = (
				3BBABBD623FAFA7C0004A9E0 /* MeeBus */,
				3BBABBD523FAFA7C0004A9E0 /* Products */,
				42ED848A86DE01B1DB662C4B /* Pods */,
				AA90A8A26D1577187E975001 /* Frameworks */,
			);
			sourceTree = "<group>";
		};
		3BBABBD523FAFA7C0004A9E0 /* Products */ = {
			isa = PBXGroup;
			children = (
				3BBABBD423FAFA7C0004A9E0 /* MeeBus.app */,
			);
			name = Products;
			sourceTree = "<group>";
		};
		3BBABBD623FAFA7C0004A9E0 /* MeeBus */ = {
			isa = PBXGroup;
			children = (
				3BBABBEA23FAFA910004A9E0 /* Helpers */,
				3BBABBE923FAFA850004A9E0 /* Controllers */,
				3BBABBD723FAFA7C0004A9E0 /* AppDelegate.swift */,
				3B0CC2F023FB9C51009DEB30 /* Main.storyboard */,
				3BBABBDE23FAFA7D0004A9E0 /* Assets.xcassets */,
				3BBABBE023FAFA7D0004A9E0 /* LaunchScreen.storyboard */,
				3BBABBE323FAFA7D0004A9E0 /* Info.plist */,
			);
			path = MeeBus;
			sourceTree = "<group>";
		};
		3BBABBE923FAFA850004A9E0 /* Controllers */ = {
			isa = PBXGroup;
			children = (
				3B0CC2EB23FB9C2A009DEB30 /* HomeViewController.swift */,
				3B0CC2EC23FB9C2A009DEB30 /* LoginViewController.swift */,
				3B0CC2EA23FB9C2A009DEB30 /* SignUpViewController.swift */,
				3B10633923FC2FC400993BCD /* VerifyCodeViewController.swift */,
			);
			path = Controllers;
			sourceTree = "<group>";
		};
		3BBABBEA23FAFA910004A9E0 /* Helpers */ = {
			isa = PBXGroup;
			children = (
				3B0CC2F223FB9C60009DEB30 /* Utilities.swift */,
			);
			path = Helpers;
			sourceTree = "<group>";
		};
		42ED848A86DE01B1DB662C4B /* Pods */ = {
			isa = PBXGroup;
			children = (
				AC6B65DC51915F599F30B664 /* Pods-MeeBus.debug.xcconfig */,
				DD81151ECF073E24A2A0977E /* Pods-MeeBus.release.xcconfig */,
			);
			path = Pods;
			sourceTree = "<group>";
		};
		AA90A8A26D1577187E975001 /* Frameworks */ = {
			isa = PBXGroup;
			children = (
				56C4A3BE70283847981F78E4 /* Pods_MeeBus.framework */,
			);
			name = Frameworks;
			sourceTree = "<group>";
		};
/* End PBXGroup section */

/* Begin PBXNativeTarget section */
		3BBABBD323FAFA7C0004A9E0 /* MeeBus */ = {
			isa = PBXNativeTarget;
			buildConfigurationList = 3BBABBE623FAFA7D0004A9E0 /* Build configuration list for PBXNativeTarget "MeeBus" */;
			buildPhases = (
				88E4FB06DC86652F97BC410F /* [CP] Check Pods Manifest.lock */,
				3BBABBD023FAFA7C0004A9E0 /* Sources */,
				3BBABBD123FAFA7C0004A9E0 /* Frameworks */,
				3BBABBD223FAFA7C0004A9E0 /* Resources */,
			);
			buildRules = (
			);
			dependencies = (
			);
			name = MeeBus;
			productName = MeeBus;
			productReference = 3BBABBD423FAFA7C0004A9E0 /* MeeBus.app */;
			productType = "com.apple.product-type.application";
		};
/* End PBXNativeTarget section */

/* Begin PBXProject section */
		3BBABBCC23FAFA7C0004A9E0 /* Project object */ = {
			isa = PBXProject;
			attributes = {
				LastSwiftUpdateCheck = 1020;
				LastUpgradeCheck = 1020;
				ORGANIZATIONNAME = MeeBus;
				TargetAttributes = {
					3BBABBD323FAFA7C0004A9E0 = {
						CreatedOnToolsVersion = 10.2.1;
					};
				};
			};
			buildConfigurationList = 3BBABBCF23FAFA7C0004A9E0 /* Build configuration list for PBXProject "MeeBus" */;
			compatibilityVersion = "Xcode 9.3";
			developmentRegion = en;
			hasScannedForEncodings = 0;
			knownRegions = (
				en,
				Base,
			);
			mainGroup = 3BBABBCB23FAFA7C0004A9E0;
			productRefGroup = 3BBABBD523FAFA7C0004A9E0 /* Products */;
			projectDirPath = "";
			projectRoot = "";
			targets = (
				3BBABBD323FAFA7C0004A9E0 /* MeeBus */,
			);
		};
/* End PBXProject section */

/* Begin PBXResourcesBuildPhase section */
		3BBABBD223FAFA7C0004A9E0 /* Resources */ = {
			isa = PBXResourcesBuildPhase;
			buildActionMask = 2147483647;
			files = (
				3BBABBE223FAFA7D0004A9E0 /* LaunchScreen.storyboard in Resources */,
				3BBABBDF23FAFA7D0004A9E0 /* Assets.xcassets in Resources */,
				3B0CC2F123FB9C51009DEB30 /* Main.storyboard in Resources */,
			);
			runOnlyForDeploymentPostprocessing = 0;
		};
/* End PBXResourcesBuildPhase section */

/* Begin PBXShellScriptBuildPhase section */
		88E4FB06DC86652F97BC410F /* [CP] Check Pods Manifest.lock */ = {
			isa = PBXShellScriptBuildPhase;
			buildActionMask = 2147483647;
			files = (
			);
			inputFileListPaths = (
			);
			inputPaths = (
				"${PODS_PODFILE_DIR_PATH}/Podfile.lock",
				"${PODS_ROOT}/Manifest.lock",
			);
			name = "[CP] Check Pods Manifest.lock";
			outputFileListPaths = (
			);
			outputPaths = (
				"$(DERIVED_FILE_DIR)/Pods-MeeBus-checkManifestLockResult.txt",
			);
			runOnlyForDeploymentPostprocessing = 0;
			shellPath = /bin/sh;
			shellScript = "diff \"${PODS_PODFILE_DIR_PATH}/Podfile.lock\" \"${PODS_ROOT}/Manifest.lock\" > /dev/null\nif [ $? != 0 ] ; then\n    # print error to STDERR\n    echo \"error: The sandbox is not in sync with the Podfile.lock. Run 'pod install' or update your CocoaPods installation.\" >&2\n    exit 1\nfi\n# This output is used by Xcode 'outputs' to avoid re-running this script phase.\necho \"SUCCESS\" > \"${SCRIPT_OUTPUT_FILE_0}\"\n";
			showEnvVarsInLog = 0;
		};
/* End PBXShellScriptBuildPhase section */

/* Begin PBXSourcesBuildPhase section */
		3BBABBD023FAFA7C0004A9E0 /* Sources */ = {
			isa = PBXSourcesBuildPhase;
			buildActionMask = 2147483647;
			files = (
				3B0CC2F323FB9C60009DEB30 /* Utilities.swift in Sources */,
				3B0CC2ED23FB9C2A009DEB30 /* SignUpViewController.swift in Sources */,
				3BBABBD823FAFA7C0004A9E0 /* AppDelegate.swift in Sources */,
				3B0CC2EF23FB9C2A009DEB30 /* LoginViewController.swift in Sources */,
				3B10633A23FC2FC400993BCD /* VerifyCodeViewController.swift in Sources */,
				3B0CC2EE23FB9C2A009DEB30 /* HomeViewController.swift in Sources */,
			);
			runOnlyForDeploymentPostprocessing = 0;
		};
/* End PBXSourcesBuildPhase section */

/* Begin PBXVariantGroup section */
		3BBABBE023FAFA7D0004A9E0 /* LaunchScreen.storyboard */ = {
			isa = PBXVariantGroup;
			children = (
				3BBABBE123FAFA7D0004A9E0 /* Base */,
			);
			name = LaunchScreen.storyboard;
			sourceTree = "<group>";
		};
/* End PBXVariantGroup section */

/* Begin XCBuildConfiguration section */
		3BBABBE423FAFA7D0004A9E0 /* Debug */ = {
			isa = XCBuildConfiguration;
			buildSettings = {
				ALWAYS_SEARCH_USER_PATHS = NO;
				CLANG_ANALYZER_LOCALIZABILITY_NONLOCALIZED = YES;
				CLANG_ANALYZER_NONNULL = YES;
				CLANG_ANALYZER_NUMBER_OBJECT_CONVERSION = YES_AGGRESSIVE;
				CLANG_CXX_LANGUAGE_STANDARD = "gnu++14";
				CLANG_CXX_LIBRARY = "libc++";
				CLANG_ENABLE_MODULES = YES;
				CLANG_ENABLE_OBJC_ARC = YES;
				CLANG_ENABLE_OBJC_WEAK = YES;
				CLANG_WARN_BLOCK_CAPTURE_AUTORELEASING = YES;
				CLANG_WARN_BOOL_CONVERSION = YES;
				CLANG_WARN_COMMA = YES;
				CLANG_WARN_CONSTANT_CONVERSION = YES;
				CLANG_WARN_DEPRECATED_OBJC_IMPLEMENTATIONS = YES;
				CLANG_WARN_DIRECT_OBJC_ISA_USAGE = YES_ERROR;
				CLANG_WARN_DOCUMENTATION_COMMENTS = YES;
				CLANG_WARN_EMPTY_BODY = YES;
				CLANG_WARN_ENUM_CONVERSION = YES;
				CLANG_WARN_INFINITE_RECURSION = YES;
				CLANG_WARN_INT_CONVERSION = YES;
				CLANG_WARN_NON_LITERAL_NULL_CONVERSION = YES;
				CLANG_WARN_OBJC_IMPLICIT_RETAIN_SELF = YES;
				CLANG_WARN_OBJC_LITERAL_CONVERSION = YES;
				CLANG_WARN_OBJC_ROOT_CLASS = YES_ERROR;
				CLANG_WARN_RANGE_LOOP_ANALYSIS = YES;
				CLANG_WARN_STRICT_PROTOTYPES = YES;
				CLANG_WARN_SUSPICIOUS_MOVE = YES;
				CLANG_WARN_UNGUARDED_AVAILABILITY = YES_AGGRESSIVE;
				CLANG_WARN_UNREACHABLE_CODE = YES;
				CLANG_WARN__DUPLICATE_METHOD_MATCH = YES;
				CODE_SIGN_IDENTITY = "iPhone Developer";
				COPY_PHASE_STRIP = NO;
				DEBUG_INFORMATION_FORMAT = dwarf;
				ENABLE_STRICT_OBJC_MSGSEND = YES;
				ENABLE_TESTABILITY = YES;
				GCC_C_LANGUAGE_STANDARD = gnu11;
				GCC_DYNAMIC_NO_PIC = NO;
				GCC_NO_COMMON_BLOCKS = YES;
				GCC_OPTIMIZATION_LEVEL = 0;
				GCC_PREPROCESSOR_DEFINITIONS = (
					"DEBUG=1",
					"$(inherited)",
				);
				GCC_WARN_64_TO_32_BIT_CONVERSION = YES;
				GCC_WARN_ABOUT_RETURN_TYPE = YES_ERROR;
				GCC_WARN_UNDECLARED_SELECTOR = YES;
				GCC_WARN_UNINITIALIZED_AUTOS = YES_AGGRESSIVE;
				GCC_WARN_UNUSED_FUNCTION = YES;
				GCC_WARN_UNUSED_VARIABLE = YES;
				IPHONEOS_DEPLOYMENT_TARGET = 12.2;
				MTL_ENABLE_DEBUG_INFO = INCLUDE_SOURCE;
				MTL_FAST_MATH = YES;
				ONLY_ACTIVE_ARCH = YES;
				SDKROOT = iphoneos;
				SWIFT_ACTIVE_COMPILATION_CONDITIONS = DEBUG;
				SWIFT_OPTIMIZATION_LEVEL = "-Onone";
			};
			name = Debug;
		};
		3BBABBE523FAFA7D0004A9E0 /* Release */ = {
			isa = XCBuildConfiguration;
			buildSettings = {
				ALWAYS_SEARCH_USER_PATHS = NO;
				CLANG_ANALYZER_LOCALIZABILITY_NONLOCALIZED = YES;
				CLANG_ANALYZER_NONNULL = YES;
				CLANG_ANALYZER_NUMBER_OBJECT_CONVERSION = YES_AGGRESSIVE;
				CLANG_CXX_LANGUAGE_STANDARD = "gnu++14";
				CLANG_CXX_LIBRARY = "libc++";
				CLANG_ENABLE_MODULES = YES;
				CLANG_ENABLE_OBJC_ARC = YES;
				CLANG_ENABLE_OBJC_WEAK = YES;
				CLANG_WARN_BLOCK_CAPTURE_AUTORELEASING = YES;
				CLANG_WARN_BOOL_CONVERSION = YES;
				CLANG_WARN_COMMA = YES;
				CLANG_WARN_CONSTANT_CONVERSION = YES;
				CLANG_WARN_DEPRECATED_OBJC_IMPLEMENTATIONS = YES;
				CLANG_WARN_DIRECT_OBJC_ISA_USAGE = YES_ERROR;
				CLANG_WARN_DOCUMENTATION_COMMENTS = YES;
				CLANG_WARN_EMPTY_BODY = YES;
				CLANG_WARN_ENUM_CONVERSION = YES;
				CLANG_WARN_INFINITE_RECURSION = YES;
				CLANG_WARN_INT_CONVERSION = YES;
				CLANG_WARN_NON_LITERAL_NULL_CONVERSION = YES;
				CLANG_WARN_OBJC_IMPLICIT_RETAIN_SELF = YES;
				CLANG_WARN_OBJC_LITERAL_CONVERSION = YES;
				CLANG_WARN_OBJC_ROOT_CLASS = YES_ERROR;
				CLANG_WARN_RANGE_LOOP_ANALYSIS = YES;
				CLANG_WARN_STRICT_PROTOTYPES = YES;
				CLANG_WARN_SUSPICIOUS_MOVE = YES;
				CLANG_WARN_UNGUARDED_AVAILABILITY = YES_AGGRESSIVE;
				CLANG_WARN_UNREACHABLE_CODE = YES;
				CLANG_WARN__DUPLICATE_METHOD_MATCH = YES;
				CODE_SIGN_IDENTITY = "iPhone Developer";
				COPY_PHASE_STRIP = NO;
				DEBUG_INFORMATION_FORMAT = "dwarf-with-dsym";
				ENABLE_NS_ASSERTIONS = NO;
				ENABLE_STRICT_OBJC_MSGSEND = YES;
				GCC_C_LANGUAGE_STANDARD = gnu11;
				GCC_NO_COMMON_BLOCKS = YES;
				GCC_WARN_64_TO_32_BIT_CONVERSION = YES;
				GCC_WARN_ABOUT_RETURN_TYPE = YES_ERROR;
				GCC_WARN_UNDECLARED_SELECTOR = YES;
				GCC_WARN_UNINITIALIZED_AUTOS = YES_AGGRESSIVE;
				GCC_WARN_UNUSED_FUNCTION = YES;
				GCC_WARN_UNUSED_VARIABLE = YES;
				IPHONEOS_DEPLOYMENT_TARGET = 12.2;
				MTL_ENABLE_DEBUG_INFO = NO;
				MTL_FAST_MATH = YES;
				SDKROOT = iphoneos;
				SWIFT_COMPILATION_MODE = wholemodule;
				SWIFT_OPTIMIZATION_LEVEL = "-O";
				VALIDATE_PRODUCT = YES;
			};
			name = Release;
		};
		3BBABBE723FAFA7D0004A9E0 /* Debug */ = {
			isa = XCBuildConfiguration;
			baseConfigurationReference = AC6B65DC51915F599F30B664 /* Pods-MeeBus.debug.xcconfig */;
			buildSettings = {
				ASSETCATALOG_COMPILER_APPICON_NAME = AppIcon;
				CODE_SIGN_STYLE = Automatic;
				DEVELOPMENT_TEAM = 6LD6JP3X2T;
				INFOPLIST_FILE = MeeBus/Info.plist;
				IPHONEOS_DEPLOYMENT_TARGET = 12.0;
				LD_RUNPATH_SEARCH_PATHS = (
					"$(inherited)",
					"@executable_path/Frameworks",
				);
				PRODUCT_BUNDLE_IDENTIFIER = meebus.MeeBus;
				PRODUCT_NAME = "$(TARGET_NAME)";
				SWIFT_VERSION = 4.2;
				TARGETED_DEVICE_FAMILY = "1,2";
			};
			name = Debug;
		};
		3BBABBE823FAFA7D0004A9E0 /* Release */ = {
			isa = XCBuildConfiguration;
			baseConfigurationReference = DD81151ECF073E24A2A0977E /* Pods-MeeBus.release.xcconfig */;
			buildSettings = {
				ASSETCATALOG_COMPILER_APPICON_NAME = AppIcon;
				CODE_SIGN_STYLE = Automatic;
				DEVELOPMENT_TEAM = 6LD6JP3X2T;
				INFOPLIST_FILE = MeeBus/Info.plist;
				IPHONEOS_DEPLOYMENT_TARGET = 12.0;
				LD_RUNPATH_SEARCH_PATHS = (
					"$(inherited)",
					"@executable_path/Frameworks",
				);
				PRODUCT_BUNDLE_IDENTIFIER = meebus.MeeBus;
				PRODUCT_NAME = "$(TARGET_NAME)";
				SWIFT_VERSION = 4.2;
				TARGETED_DEVICE_FAMILY = "1,2";
			};
			name = Release;
		};
/* End XCBuildConfiguration section */

/* Begin XCConfigurationList section */
		3BBABBCF23FAFA7C0004A9E0 /* Build configuration list for PBXProject "MeeBus" */ = {
			isa = XCConfigurationList;
			buildConfigurations = (
				3BBABBE423FAFA7D0004A9E0 /* Debug */,
				3BBABBE523FAFA7D0004A9E0 /* Release */,
			);
			defaultConfigurationIsVisible = 0;
			defaultConfigurationName = Release;
		};
		3BBABBE623FAFA7D0004A9E0 /* Build configuration list for PBXNativeTarget "MeeBus" */ = {
			isa = XCConfigurationList;
			buildConfigurations = (
				3BBABBE723FAFA7D0004A9E0 /* Debug */,
				3BBABBE823FAFA7D0004A9E0 /* Release */,
			);
			defaultConfigurationIsVisible = 0;
			defaultConfigurationName = Release;
		};
/* End XCConfigurationList section */
	};
	rootObject = 3BBABBCC23FAFA7C0004A9E0 /* Project object */;
}
